// !$*UTF8*$!
{
	archiveVersion = 1;
	classes = {
	};
	objectVersion = 46;
	objects = {

/* Begin PBXBuildFile section */
		81FF333E1AC142260073D521 /* AppDelegate.swift in Sources */ = {isa = PBXBuildFile; fileRef = 81FF333D1AC142260073D521 /* AppDelegate.swift */; };
		81FF33401AC142260073D521 /* FirstViewController.swift in Sources */ = {isa = PBXBuildFile; fileRef = 81FF333F1AC142260073D521 /* FirstViewController.swift */; };
		81FF33421AC142260073D521 /* SecondViewController.swift in Sources */ = {isa = PBXBuildFile; fileRef = 81FF33411AC142260073D521 /* SecondViewController.swift */; };
		81FF33451AC142260073D521 /* Main.storyboard in Resources */ = {isa = PBXBuildFile; fileRef = 81FF33431AC142260073D521 /* Main.storyboard */; };
		81FF33471AC142260073D521 /* Images.xcassets in Resources */ = {isa = PBXBuildFile; fileRef = 81FF33461AC142260073D521 /* Images.xcassets */; };
		81FF334A1AC142260073D521 /* LaunchScreen.xib in Resources */ = {isa = PBXBuildFile; fileRef = 81FF33481AC142260073D521 /* LaunchScreen.xib */; };
		81FF33561AC142270073D521 /* TripTests.swift in Sources */ = {isa = PBXBuildFile; fileRef = 81FF33551AC142270073D521 /* TripTests.swift */; };
/* End PBXBuildFile section */

/* Begin PBXContainerItemProxy section */
		81FF33501AC142270073D521 /* PBXContainerItemProxy */ = {
			isa = PBXContainerItemProxy;
			containerPortal = 81FF33301AC142260073D521 /* Project object */;
			proxyType = 1;
			remoteGlobalIDString = 81FF33371AC142260073D521;
			remoteInfo = Trip;
		};
/* End PBXContainerItemProxy section */

/* Begin PBXFileReference section */
		81FF33381AC142260073D521 /* Trip.app */ = {isa = PBXFileReference; explicitFileType = wrapper.application; includeInIndex = 0; path = Trip.app; sourceTree = BUILT_PRODUCTS_DIR; };
		81FF333C1AC142260073D521 /* Info.plist */ = {isa = PBXFileReference; lastKnownFileType = text.plist.xml; path = Info.plist; sourceTree = "<group>"; };
		81FF333D1AC142260073D521 /* AppDelegate.swift */ = {isa = PBXFileReference; lastKnownFileType = sourcecode.swift; path = AppDelegate.swift; sourceTree = "<group>"; };
		81FF333F1AC142260073D521 /* FirstViewController.swift */ = {isa = PBXFileReference; lastKnownFileType = sourcecode.swift; path = FirstViewController.swift; sourceTree = "<group>"; };
		81FF33411AC142260073D521 /* SecondViewController.swift */ = {isa = PBXFileReference; lastKnownFileType = sourcecode.swift; path = SecondViewController.swift; sourceTree = "<group>"; };
		81FF33441AC142260073D521 /* Base */ = {isa = PBXFileReference; lastKnownFileType = file.storyboard; name = Base; path = Base.lproj/Main.storyboard; sourceTree = "<group>"; };
		81FF33461AC142260073D521 /* Images.xcassets */ = {isa = PBXFileReference; lastKnownFileType = folder.assetcatalog; path = Images.xcassets; sourceTree = "<group>"; };
		81FF33491AC142260073D521 /* Base */ = {isa = PBXFileReference; lastKnownFileType = file.xib; name = Base; path = Base.lproj/LaunchScreen.xib; sourceTree = "<group>"; };
		81FF334F1AC142270073D521 /* TripTests.xctest */ = {isa = PBXFileReference; explicitFileType = wrapper.cfbundle; includeInIndex = 0; path = TripTests.xctest; sourceTree = BUILT_PRODUCTS_DIR; };
		81FF33541AC142270073D521 /* Info.plist */ = {isa = PBXFileReference; lastKnownFileType = text.plist.xml; path = Info.plist; sourceTree = "<group>"; };
		81FF33551AC142270073D521 /* TripTests.swift */ = {isa = PBXFileReference; lastKnownFileType = sourcecode.swift; path = TripTests.swift; sourceTree = "<group>"; };
/* End PBXFileReference section */

/* Begin PBXFrameworksBuildPhase section */
		81FF33351AC142260073D521 /* Frameworks */ = {
			isa = PBXFrameworksBuildPhase;
			buildActionMask = 2147483647;
			files = (
			);
			runOnlyForDeploymentPostprocessing = 0;
		};
		81FF334C1AC142270073D521 /* Frameworks */ = {
			isa = PBXFrameworksBuildPhase;
			buildActionMask = 2147483647;
			files = (
			);
			runOnlyForDeploymentPostprocessing = 0;
		};
/* End PBXFrameworksBuildPhase section */

/* Begin PBXGroup section */
		81FF332F1AC142260073D521 = {
			isa = PBXGroup;
			children = (
				81FF333A1AC142260073D521 /* Trip */,
				81FF33521AC142270073D521 /* TripTests */,
				81FF33391AC142260073D521 /* Products */,
			);
			sourceTree = "<group>";
		};
		81FF33391AC142260073D521 /* Products */ = {
			isa = PBXGroup;
			children = (
				81FF33381AC142260073D521 /* Trip.app */,
				81FF334F1AC142270073D521 /* TripTests.xctest */,
			);
			name = Products;
			sourceTree = "<group>";
		};
		81FF333A1AC142260073D521 /* Trip */ = {
			isa = PBXGroup;
			children = (
				81FF333D1AC142260073D521 /* AppDelegate.swift */,
				81FF333F1AC142260073D521 /* FirstViewController.swift */,
				81FF33411AC142260073D521 /* SecondViewController.swift */,
				81FF33431AC142260073D521 /* Main.storyboard */,
				81FF33461AC142260073D521 /* Images.xcassets */,
				81FF33481AC142260073D521 /* LaunchScreen.xib */,
				81FF333B1AC142260073D521 /* Supporting Files */,
			);
			path = Trip;
			sourceTree = "<group>";
		};
		81FF333B1AC142260073D521 /* Supporting Files */ = {
			isa = PBXGroup;
			children = (
				81FF333C1AC142260073D521 /* Info.plist */,
			);
			name = "Supporting Files";
			sourceTree = "<group>";
		};
		81FF33521AC142270073D521 /* TripTests */ = {
			isa = PBXGroup;
			children = (
				81FF33551AC142270073D521 /* TripTests.swift */,
				81FF33531AC142270073D521 /* Supporting Files */,
			);
			path = TripTests;
			sourceTree = "<group>";
		};
		81FF33531AC142270073D521 /* Supporting Files */ = {
			isa = PBXGroup;
			children = (
				81FF33541AC142270073D521 /* Info.plist */,
			);
			name = "Supporting Files";
			sourceTree = "<group>";
		};
/* End PBXGroup section */

/* Begin PBXNativeTarget section */
		81FF33371AC142260073D521 /* Trip */ = {
			isa = PBXNativeTarget;
			buildConfigurationList = 81FF33591AC142270073D521 /* Build configuration list for PBXNativeTarget "Trip" */;
			buildPhases = (
				81FF33341AC142260073D521 /* Sources */,
				81FF33351AC142260073D521 /* Frameworks */,
				81FF33361AC142260073D521 /* Resources */,
			);
			buildRules = (
			);
			dependencies = (
			);
			name = Trip;
			productName = Trip;
			productReference = 81FF33381AC142260073D521 /* Trip.app */;
			productType = "com.apple.product-type.application";
		};
		81FF334E1AC142270073D521 /* TripTests */ = {
			isa = PBXNativeTarget;
			buildConfigurationList = 81FF335C1AC142270073D521 /* Build configuration list for PBXNativeTarget "TripTests" */;
			buildPhases = (
				81FF334B1AC142270073D521 /* Sources */,
				81FF334C1AC142270073D521 /* Frameworks */,
				81FF334D1AC142270073D521 /* Resources */,
			);
			buildRules = (
			);
			dependencies = (
				81FF33511AC142270073D521 /* PBXTargetDependency */,
			);
			name = TripTests;
			productName = TripTests;
			productReference = 81FF334F1AC142270073D521 /* TripTests.xctest */;
			productType = "com.apple.product-type.bundle.unit-test";
		};
/* End PBXNativeTarget section */

/* Begin PBXProject section */
		81FF33301AC142260073D521 /* Project object */ = {
			isa = PBXProject;
			attributes = {
				LastUpgradeCheck = 0620;
				ORGANIZATIONNAME = kidsedu;
				TargetAttributes = {
					81FF33371AC142260073D521 = {
						CreatedOnToolsVersion = 6.2;
					};
					81FF334E1AC142270073D521 = {
						CreatedOnToolsVersion = 6.2;
						TestTargetID = 81FF33371AC142260073D521;
					};
				};
			};
			buildConfigurationList = 81FF33331AC142260073D521 /* Build configuration list for PBXProject "Trip" */;
			compatibilityVersion = "Xcode 3.2";
			developmentRegion = English;
			hasScannedForEncodings = 0;
			knownRegions = (
				en,
				Base,
			);
			mainGroup = 81FF332F1AC142260073D521;
			productRefGroup = 81FF33391AC142260073D521 /* Products */;
			projectDirPath = "";
			projectRoot = "";
			targets = (
				81FF33371AC142260073D521 /* Trip */,
				81FF334E1AC142270073D521 /* TripTests */,
			);
		};
/* End PBXProject section */

/* Begin PBXResourcesBuildPhase section */
		81FF33361AC142260073D521 /* Resources */ = {
			isa = PBXResourcesBuildPhase;
			buildActionMask = 2147483647;
			files = (
				81FF33451AC142260073D521 /* Main.storyboard in Resources */,
				81FF334A1AC142260073D521 /* LaunchScreen.xib in Resources */,
				81FF33471AC142260073D521 /* Images.xcassets in Resources */,
			);
			runOnlyForDeploymentPostprocessing = 0;
		};
		81FF334D1AC142270073D521 /* Resources */ = {
			isa = PBXResourcesBuildPhase;
			buildActionMask = 2147483647;
			files = (
			);
			runOnlyForDeploymentPostprocessing = 0;
		};
/* End PBXResourcesBuildPhase section */

/* Begin PBXSourcesBuildPhase section */
		81FF33341AC142260073D521 /* Sources */ = {
			isa = PBXSourcesBuildPhase;
			buildActionMask = 2147483647;
			files = (
				81FF33421AC142260073D521 /* SecondViewController.swift in Sources */,
				81FF333E1AC142260073D521 /* AppDelegate.swift in Sources */,
				81FF33401AC142260073D521 /* FirstViewController.swift in Sources */,
			);
			runOnlyForDeploymentPostprocessing = 0;
		};
		81FF334B1AC142270073D521 /* Sources */ = {
			isa = PBXSourcesBuildPhase;
			buildActionMask = 2147483647;
			files = (
				81FF33561AC142270073D521 /* TripTests.swift in Sources */,
			);
			runOnlyForDeploymentPostprocessing = 0;
		};
/* End PBXSourcesBuildPhase section */

/* Begin PBXTargetDependency section */
		81FF33511AC142270073D521 /* PBXTargetDependency */ = {
			isa = PBXTargetDependency;
			target = 81FF33371AC142260073D521 /* Trip */;
			targetProxy = 81FF33501AC142270073D521 /* PBXContainerItemProxy */;
		};
/* End PBXTargetDependency section */

/* Begin PBXVariantGroup section */
		81FF33431AC142260073D521 /* Main.storyboard */ = {
			isa = PBXVariantGroup;
			children = (
				81FF33441AC142260073D521 /* Base */,
			);
			name = Main.storyboard;
			sourceTree = "<group>";
		};
		81FF33481AC142260073D521 /* LaunchScreen.xib */ = {
			isa = PBXVariantGroup;
			children = (
				81FF33491AC142260073D521 /* Base */,
			);
			name = LaunchScreen.xib;
			sourceTree = "<group>";
		};
/* End PBXVariantGroup section */

/* Begin XCBuildConfiguration section */
		81FF33571AC142270073D521 /* Debug */ = {
			isa = XCBuildConfiguration;
			buildSettings = {
				ALWAYS_SEARCH_USER_PATHS = NO;
				CLANG_CXX_LANGUAGE_STANDARD = "gnu++0x";
				CLANG_CXX_LIBRARY = "libc++";
				CLANG_ENABLE_MODULES = YES;
				CLANG_ENABLE_OBJC_ARC = YES;
				CLANG_WARN_BOOL_CONVERSION = YES;
				CLANG_WARN_CONSTANT_CONVERSION = YES;
				CLANG_WARN_DIRECT_OBJC_ISA_USAGE = YES_ERROR;
				CLANG_WARN_EMPTY_BODY = YES;
				CLANG_WARN_ENUM_CONVERSION = YES;
				CLANG_WARN_INT_CONVERSION = YES;
				CLANG_WARN_OBJC_ROOT_CLASS = YES_ERROR;
				CLANG_WARN_UNREACHABLE_CODE = YES;
				CLANG_WARN__DUPLICATE_METHOD_MATCH = YES;
				"CODE_SIGN_IDENTITY[sdk=iphoneos*]" = "iPhone Developer";
				COPY_PHASE_STRIP = NO;
				ENABLE_STRICT_OBJC_MSGSEND = YES;
				GCC_C_LANGUAGE_STANDARD = gnu99;
				GCC_DYNAMIC_NO_PIC = NO;
				GCC_OPTIMIZATION_LEVEL = 0;
				GCC_PREPROCESSOR_DEFINITIONS = (
					"DEBUG=1",
					"$(inherited)",
				);
				GCC_SYMBOLS_PRIVATE_EXTERN = NO;
				GCC_WARN_64_TO_32_BIT_CONVERSION = YES;
				GCC_WARN_ABOUT_RETURN_TYPE = YES_ERROR;
				GCC_WARN_UNDECLARED_SELECTOR = YES;
				GCC_WARN_UNINITIALIZED_AUTOS = YES_AGGRESSIVE;
				GCC_WARN_UNUSED_FUNCTION = YES;
				GCC_WARN_UNUSED_VARIABLE = YES;
				IPHONEOS_DEPLOYMENT_TARGET = 8.2;
				MTL_ENABLE_DEBUG_INFO = YES;
				ONLY_ACTIVE_ARCH = YES;
				SDKROOT = iphoneos;
				SWIFT_OPTIMIZATION_LEVEL = "-Onone";
			};
			name = Debug;
		};
		81FF33581AC142270073D521 /* Release */ = {
			isa = XCBuildConfiguration;
			buildSettings = {
				ALWAYS_SEARCH_USER_PATHS = NO;
				CLANG_CXX_LANGUAGE_STANDARD = "gnu++0x";
				CLANG_CXX_LIBRARY = "libc++";
				CLANG_ENABLE_MODULES = YES;
				CLANG_ENABLE_OBJC_ARC = YES;
				CLANG_WARN_BOOL_CONVERSION = YES;
				CLANG_WARN_CONSTANT_CONVERSION = YES;
				CLANG_WARN_DIRECT_OBJC_ISA_USAGE = YES_ERROR;
				CLANG_WARN_EMPTY_BODY = YES;
				CLANG_WARN_ENUM_CONVERSION = YES;
				CLANG_WARN_INT_CONVERSION = YES;
				CLANG_WARN_OBJC_ROOT_CLASS = YES_ERROR;
				CLANG_WARN_UNREACHABLE_CODE = YES;
				CLANG_WARN__DUPLICATE_METHOD_MATCH = YES;
				"CODE_SIGN_IDENTITY[sdk=iphoneos*]" = "iPhone Developer";
				COPY_PHASE_STRIP = NO;
				ENABLE_NS_ASSERTIONS = NO;
				ENABLE_STRICT_OBJC_MSGSEND = YES;
				GCC_C_LANGUAGE_STANDARD = gnu99;
				GCC_WARN_64_TO_32_BIT_CONVERSION = YES;
				GCC_WARN_ABOUT_RETURN_TYPE = YES_ERROR;
				GCC_WARN_UNDECLARED_SELECTOR = YES;
				GCC_WARN_UNINITIALIZED_AUTOS = YES_AGGRESSIVE;
				GCC_WARN_UNUSED_FUNCTION = YES;
				GCC_WARN_UNUSED_VARIABLE = YES;
				IPHONEOS_DEPLOYMENT_TARGET = 8.2;
				MTL_ENABLE_DEBUG_INFO = NO;
				SDKROOT = iphoneos;
				VALIDATE_PRODUCT = YES;
			};
			name = Release;
		};
		81FF335A1AC142270073D521 /* Debug */ = {
			isa = XCBuildConfiguration;
			buildSettings = {
				ASSETCATALOG_COMPILER_APPICON_NAME = AppIcon;
				INFOPLIST_FILE = Trip/Info.plist;
				LD_RUNPATH_SEARCH_PATHS = "$(inherited) @executable_path/Frameworks";
				PRODUCT_NAME = "$(TARGET_NAME)";
			};
			name = Debug;
		};
		81FF335B1AC142270073D521 /* Release */ = {
			isa = XCBuildConfiguration;
			buildSettings = {
				ASSETCATALOG_COMPILER_APPICON_NAME = AppIcon;
				INFOPLIST_FILE = Trip/Info.plist;
				LD_RUNPATH_SEARCH_PATHS = "$(inherited) @executable_path/Frameworks";
				PRODUCT_NAME = "$(TARGET_NAME)";
			};
			name = Release;
		};
		81FF335D1AC142270073D521 /* Debug */ = {
			isa = XCBuildConfiguration;
			buildSettings = {
				BUNDLE_LOADER = "$(TEST_HOST)";
				FRAMEWORK_SEARCH_PATHS = (
					"$(SDKROOT)/Developer/Library/Frameworks",
					"$(inherited)",
				);
				GCC_PREPROCESSOR_DEFINITIONS = (
					"DEBUG=1",
					"$(inherited)",
				);
				INFOPLIST_FILE = TripTests/Info.plist;
				LD_RUNPATH_SEARCH_PATHS = "$(inherited) @executable_path/Frameworks @loader_path/Frameworks";
				PRODUCT_NAME = "$(TARGET_NAME)";
				TEST_HOST = "$(BUILT_PRODUCTS_DIR)/Trip.app/Trip";
			};
			name = Debug;
		};
		81FF335E1AC142270073D521 /* Release */ = {
			isa = XCBuildConfiguration;
			buildSettings = {
				BUNDLE_LOADER = "$(TEST_HOST)";
				FRAMEWORK_SEARCH_PATHS = (
					"$(SDKROOT)/Developer/Library/Frameworks",
					"$(inherited)",
				);
				INFOPLIST_FILE = TripTests/Info.plist;
				LD_RUNPATH_SEARCH_PATHS = "$(inherited) @executable_path/Frameworks @loader_path/Frameworks";
				PRODUCT_NAME = "$(TARGET_NAME)";
				TEST_HOST = "$(BUILT_PRODUCTS_DIR)/Trip.app/Trip";
			};
			name = Release;
		};
/* End XCBuildConfiguration section */

/* Begin XCConfigurationList section */
		81FF33331AC142260073D521 /* Build configuration list for PBXProject "Trip" */ = {
			isa = XCConfigurationList;
			buildConfigurations = (
				81FF33571AC142270073D521 /* Debug */,
				81FF33581AC142270073D521 /* Release */,
			);
			defaultConfigurationIsVisible = 0;
			defaultConfigurationName = Release;
		};
		81FF33591AC142270073D521 /* Build configuration list for PBXNativeTarget "Trip" */ = {
			isa = XCConfigurationList;
			buildConfigurations = (
				81FF335A1AC142270073D521 /* Debug */,
				81FF335B1AC142270073D521 /* Release */,
			);
			defaultConfigurationIsVisible = 0;
		};
		81FF335C1AC142270073D521 /* Build configuration list for PBXNativeTarget "TripTests" */ = {
			isa = XCConfigurationList;
			buildConfigurations = (
				81FF335D1AC142270073D521 /* Debug */,
				81FF335E1AC142270073D521 /* Release */,
			);
			defaultConfigurationIsVisible = 0;
		};
/* End XCConfigurationList section */
	};
	rootObject = 81FF33301AC142260073D521 /* Project object */;
}
